
Microsoft Visual Studio Solution File, Format Version 12.00
# Visual Studio Version 17
VisualStudioVersion = 17.3.32819.101
MinimumVisualStudioVersion = 10.0.40219.1
Project("{2150E333-8FDC-42A3-9474-1A3956D46DE8}") = "Solution Items", "Solution Items", "{96A49C03-6632-4F76-889C-BADE8AD4F196}"
	ProjectSection(SolutionItems) = preProject
		.editorconfig = .editorconfig
	EndProjectSection
EndProject
Project("{9A19103F-16F7-4668-BE54-9A1E7A4F7556}") = "Market", "Market\Market.csproj", "{5E623093-67E3-4E3C-B66F-399C42803ECD}"
EndProject
Project("{9A19103F-16F7-4668-BE54-9A1E7A4F7556}") = "Import", "Import\Import.csproj", "{0C713648-C0C9-41DA-927E-1A41B91B4815}"
EndProject
Project("{9A19103F-16F7-4668-BE54-9A1E7A4F7556}") = "Import.Logic", "Import.Logic\Import.Logic.csproj", "{FCF0F04C-FD67-4030-9941-EAB7EC7D8953}"
EndProject
Project("{9A19103F-16F7-4668-BE54-9A1E7A4F7556}") = "Import.Logic.Tests", "Import.Logic.Tests\Import.Logic.Tests.csproj", "{BC838259-BFD3-4CEA-B6CC-C34F53D8087E}"
EndProject
Global
	GlobalSection(SolutionConfigurationPlatforms) = preSolution
		Debug|Any CPU = Debug|Any CPU
		Release|Any CPU = Release|Any CPU
	EndGlobalSection
	GlobalSection(ProjectConfigurationPlatforms) = postSolution
		{5E623093-67E3-4E3C-B66F-399C42803ECD}.Debug|Any CPU.ActiveCfg = Debug|Any CPU
		{5E623093-67E3-4E3C-B66F-399C42803ECD}.Debug|Any CPU.Build.0 = Debug|Any CPU
		{5E623093-67E3-4E3C-B66F-399C42803ECD}.Release|Any CPU.ActiveCfg = Release|Any CPU
		{5E623093-67E3-4E3C-B66F-399C42803ECD}.Release|Any CPU.Build.0 = Release|Any CPU
		{0C713648-C0C9-41DA-927E-1A41B91B4815}.Debug|Any CPU.ActiveCfg = Debug|Any CPU
		{0C713648-C0C9-41DA-927E-1A41B91B4815}.Debug|Any CPU.Build.0 = Debug|Any CPU
		{0C713648-C0C9-41DA-927E-1A41B91B4815}.Release|Any CPU.ActiveCfg = Release|Any CPU
		{0C713648-C0C9-41DA-927E-1A41B91B4815}.Release|Any CPU.Build.0 = Release|Any CPU
		{FCF0F04C-FD67-4030-9941-EAB7EC7D8953}.Debug|Any CPU.ActiveCfg = Debug|Any CPU
		{FCF0F04C-FD67-4030-9941-EAB7EC7D8953}.Debug|Any CPU.Build.0 = Debug|Any CPU
		{FCF0F04C-FD67-4030-9941-EAB7EC7D8953}.Release|Any CPU.ActiveCfg = Release|Any CPU
		{FCF0F04C-FD67-4030-9941-EAB7EC7D8953}.Release|Any CPU.Build.0 = Release|Any CPU
		{BC838259-BFD3-4CEA-B6CC-C34F53D8087E}.Debug|Any CPU.ActiveCfg = Debug|Any CPU
		{BC838259-BFD3-4CEA-B6CC-C34F53D8087E}.Debug|Any CPU.Build.0 = Debug|Any CPU
		{BC838259-BFD3-4CEA-B6CC-C34F53D8087E}.Release|Any CPU.ActiveCfg = Release|Any CPU
		{BC838259-BFD3-4CEA-B6CC-C34F53D8087E}.Release|Any CPU.Build.0 = Release|Any CPU
	EndGlobalSection
	GlobalSection(SolutionProperties) = preSolution
		HideSolutionNode = FALSE
	EndGlobalSection
	GlobalSection(ExtensibilityGlobals) = postSolution
		SolutionGuid = {A5E7204B-ED3F-4606-9695-3F856B80029D}
	EndGlobalSection
EndGlobal
